
Microsoft Visual Studio Solution File, Format Version 12.00
# Visual Studio Version 17
VisualStudioVersion = 17.2.32616.157
MinimumVisualStudioVersion = 10.0.40219.1
Project("{F2A71F9B-5D33-465A-A702-920D77279786}") = "FSharp.Compiler.SyntaxTreeX", "FSharp.Compiler.SyntaxTreeX\FSharp.Compiler.SyntaxTreeX.fsproj", "{83591F6C-E9AE-4676-B362-3A4C055AB4A0}"
EndProject
Project("{F2A71F9B-5D33-465A-A702-920D77279786}") = "FSharp.Compiler.SyntaxTreeX.Test", "FSharp.Compiler.SyntaxTreeX.Test\FSharp.Compiler.SyntaxTreeX.Test.fsproj", "{245BA761-784E-4E2B-80E6-62C1697A676E}"
EndProject
Global
	GlobalSection(SolutionConfigurationPlatforms) = preSolution
		Debug|Any CPU = Debug|Any CPU
		Release|Any CPU = Release|Any CPU
	EndGlobalSection
	GlobalSection(ProjectConfigurationPlatforms) = postSolution
		{83591F6C-E9AE-4676-B362-3A4C055AB4A0}.Debug|Any CPU.ActiveCfg = Debug|Any CPU
		{83591F6C-E9AE-4676-B362-3A4C055AB4A0}.Debug|Any CPU.Build.0 = Debug|Any CPU
		{83591F6C-E9AE-4676-B362-3A4C055AB4A0}.Release|Any CPU.ActiveCfg = Release|Any CPU
		{83591F6C-E9AE-4676-B362-3A4C055AB4A0}.Release|Any CPU.Build.0 = Release|Any CPU
		{245BA761-784E-4E2B-80E6-62C1697A676E}.Debug|Any CPU.ActiveCfg = Debug|Any CPU
		{245BA761-784E-4E2B-80E6-62C1697A676E}.Debug|Any CPU.Build.0 = Debug|Any CPU
		{245BA761-784E-4E2B-80E6-62C1697A676E}.Release|Any CPU.ActiveCfg = Release|Any CPU
		{245BA761-784E-4E2B-80E6-62C1697A676E}.Release|Any CPU.Build.0 = Release|Any CPU
	EndGlobalSection
	GlobalSection(SolutionProperties) = preSolution
		HideSolutionNode = FALSE
	EndGlobalSection
	GlobalSection(ExtensibilityGlobals) = postSolution
		SolutionGuid = {041AE0E6-3E53-41FC-96C6-8500D9CACA94}
	EndGlobalSection
EndGlobal
